
Microsoft Visual Studio Solution File, Format Version 12.00
# Visual Studio 15
VisualStudioVersion = 15.0.27703.2042
MinimumVisualStudioVersion = 10.0.40219.1
Project("{FAE04EC0-301F-11D3-BF4B-00C04F79EFBC}") = "ValidationExample", "ValidationExample\ValidationExample.csproj", "{4CE8DEDD-19B2-4D7C-BF56-879DE4F5EB98}"
EndProject
Project("{FAE04EC0-301F-11D3-BF4B-00C04F79EFBC}") = "ValidationExample.Tests", "ValidationExample.Tests\ValidationExample.Tests.csproj", "{912DDA8E-A90A-4D3F-8E17-FAFCB53AA89E}"
EndProject
Global
	GlobalSection(SolutionConfigurationPlatforms) = preSolution
		Debug|Any CPU = Debug|Any CPU
		Release|Any CPU = Release|Any CPU
	EndGlobalSection
	GlobalSection(ProjectConfigurationPlatforms) = postSolution
		{4CE8DEDD-19B2-4D7C-BF56-879DE4F5EB98}.Debug|Any CPU.ActiveCfg = Debug|Any CPU
		{4CE8DEDD-19B2-4D7C-BF56-879DE4F5EB98}.Debug|Any CPU.Build.0 = Debug|Any CPU
		{4CE8DEDD-19B2-4D7C-BF56-879DE4F5EB98}.Release|Any CPU.ActiveCfg = Release|Any CPU
		{4CE8DEDD-19B2-4D7C-BF56-879DE4F5EB98}.Release|Any CPU.Build.0 = Release|Any CPU
		{912DDA8E-A90A-4D3F-8E17-FAFCB53AA89E}.Debug|Any CPU.ActiveCfg = Debug|Any CPU
		{912DDA8E-A90A-4D3F-8E17-FAFCB53AA89E}.Debug|Any CPU.Build.0 = Debug|Any CPU
		{912DDA8E-A90A-4D3F-8E17-FAFCB53AA89E}.Release|Any CPU.ActiveCfg = Release|Any CPU
		{912DDA8E-A90A-4D3F-8E17-FAFCB53AA89E}.Release|Any CPU.Build.0 = Release|Any CPU
	EndGlobalSection
	GlobalSection(SolutionProperties) = preSolution
		HideSolutionNode = FALSE
	EndGlobalSection
	GlobalSection(ExtensibilityGlobals) = postSolution
		SolutionGuid = {5FEE940B-E08F-47D4-962F-301BF93591F4}
	EndGlobalSection
EndGlobal
